# This file is generated by running "yarn install" inside your project.
# Manual changes might be lost - proceed with caution!

__metadata:
  version: 8
  cacheKey: 10c0

"@esbuild/aix-ppc64@npm:0.24.0":
  version: 0.24.0
  resolution: "@esbuild/aix-ppc64@npm:0.24.0"
  conditions: os=aix & cpu=ppc64
  languageName: node
  linkType: hard

"@esbuild/android-arm64@npm:0.24.0":
  version: 0.24.0
  resolution: "@esbuild/android-arm64@npm:0.24.0"
  conditions: os=android & cpu=arm64
  languageName: node
  linkType: hard

"@esbuild/android-arm@npm:0.24.0":
  version: 0.24.0
  resolution: "@esbuild/android-arm@npm:0.24.0"
  conditions: os=android & cpu=arm
  languageName: node
  linkType: hard

"@esbuild/android-x64@npm:0.24.0":
  version: 0.24.0
  resolution: "@esbuild/android-x64@npm:0.24.0"
  conditions: os=android & cpu=x64
  languageName: node
  linkType: hard

"@esbuild/darwin-arm64@npm:0.24.0":
  version: 0.24.0
  resolution: "@esbuild/darwin-arm64@npm:0.24.0"
  conditions: os=darwin & cpu=arm64
  languageName: node
  linkType: hard

"@esbuild/darwin-x64@npm:0.24.0":
  version: 0.24.0
  resolution: "@esbuild/darwin-x64@npm:0.24.0"
  conditions: os=darwin & cpu=x64
  languageName: node
  linkType: hard

"@esbuild/freebsd-arm64@npm:0.24.0":
  version: 0.24.0
  resolution: "@esbuild/freebsd-arm64@npm:0.24.0"
  conditions: os=freebsd & cpu=arm64
  languageName: node
  linkType: hard

"@esbuild/freebsd-x64@npm:0.24.0":
  version: 0.24.0
  resolution: "@esbuild/freebsd-x64@npm:0.24.0"
  conditions: os=freebsd & cpu=x64
  languageName: node
  linkType: hard

"@esbuild/linux-arm64@npm:0.24.0":
  version: 0.24.0
  resolution: "@esbuild/linux-arm64@npm:0.24.0"
  conditions: os=linux & cpu=arm64
  languageName: node
  linkType: hard

"@esbuild/linux-arm@npm:0.24.0":
  version: 0.24.0
  resolution: "@esbuild/linux-arm@npm:0.24.0"
  conditions: os=linux & cpu=arm
  languageName: node
  linkType: hard

"@esbuild/linux-ia32@npm:0.24.0":
  version: 0.24.0
  resolution: "@esbuild/linux-ia32@npm:0.24.0"
  conditions: os=linux & cpu=ia32
  languageName: node
  linkType: hard

"@esbuild/linux-loong64@npm:0.24.0":
  version: 0.24.0
  resolution: "@esbuild/linux-loong64@npm:0.24.0"
  conditions: os=linux & cpu=loong64
  languageName: node
  linkType: hard

"@esbuild/linux-mips64el@npm:0.24.0":
  version: 0.24.0
  resolution: "@esbuild/linux-mips64el@npm:0.24.0"
  conditions: os=linux & cpu=mips64el
  languageName: node
  linkType: hard

"@esbuild/linux-ppc64@npm:0.24.0":
  version: 0.24.0
  resolution: "@esbuild/linux-ppc64@npm:0.24.0"
  conditions: os=linux & cpu=ppc64
  languageName: node
  linkType: hard

"@esbuild/linux-riscv64@npm:0.24.0":
  version: 0.24.0
  resolution: "@esbuild/linux-riscv64@npm:0.24.0"
  conditions: os=linux & cpu=riscv64
  languageName: node
  linkType: hard

"@esbuild/linux-s390x@npm:0.24.0":
  version: 0.24.0
  resolution: "@esbuild/linux-s390x@npm:0.24.0"
  conditions: os=linux & cpu=s390x
  languageName: node
  linkType: hard

"@esbuild/linux-x64@npm:0.24.0":
  version: 0.24.0
  resolution: "@esbuild/linux-x64@npm:0.24.0"
  conditions: os=linux & cpu=x64
  languageName: node
  linkType: hard

"@esbuild/netbsd-x64@npm:0.24.0":
  version: 0.24.0
  resolution: "@esbuild/netbsd-x64@npm:0.24.0"
  conditions: os=netbsd & cpu=x64
  languageName: node
  linkType: hard

"@esbuild/openbsd-arm64@npm:0.24.0":
  version: 0.24.0
  resolution: "@esbuild/openbsd-arm64@npm:0.24.0"
  conditions: os=openbsd & cpu=arm64
  languageName: node
  linkType: hard

"@esbuild/openbsd-x64@npm:0.24.0":
  version: 0.24.0
  resolution: "@esbuild/openbsd-x64@npm:0.24.0"
  conditions: os=openbsd & cpu=x64
  languageName: node
  linkType: hard

"@esbuild/sunos-x64@npm:0.24.0":
  version: 0.24.0
  resolution: "@esbuild/sunos-x64@npm:0.24.0"
  conditions: os=sunos & cpu=x64
  languageName: node
  linkType: hard

"@esbuild/win32-arm64@npm:0.24.0":
  version: 0.24.0
  resolution: "@esbuild/win32-arm64@npm:0.24.0"
  conditions: os=win32 & cpu=arm64
  languageName: node
  linkType: hard

"@esbuild/win32-ia32@npm:0.24.0":
  version: 0.24.0
  resolution: "@esbuild/win32-ia32@npm:0.24.0"
  conditions: os=win32 & cpu=ia32
  languageName: node
  linkType: hard

"@esbuild/win32-x64@npm:0.24.0":
  version: 0.24.0
  resolution: "@esbuild/win32-x64@npm:0.24.0"
  conditions: os=win32 & cpu=x64
  languageName: node
  linkType: hard

"core@workspace:core":
  version: 0.0.0-use.local
  resolution: "core@workspace:core"
  dependencies:
    esbuild: "npm:^0.24.0"
    typescript: "npm:5.5.4"
  languageName: unknown
  linkType: soft

"demo@workspace:demo":
  version: 0.0.0-use.local
  resolution: "demo@workspace:demo"
  dependencies:
    typescript: "npm:5.5.4"
  languageName: unknown
  linkType: soft

"docs@workspace:docs":
  version: 0.0.0-use.local
  resolution: "docs@workspace:docs"
  languageName: unknown
  linkType: soft

"esbuild@npm:^0.24.0":
  version: 0.24.0
  resolution: "esbuild@npm:0.24.0"
  dependencies:
    "@esbuild/aix-ppc64": "npm:0.24.0"
    "@esbuild/android-arm": "npm:0.24.0"
    "@esbuild/android-arm64": "npm:0.24.0"
    "@esbuild/android-x64": "npm:0.24.0"
    "@esbuild/darwin-arm64": "npm:0.24.0"
    "@esbuild/darwin-x64": "npm:0.24.0"
    "@esbuild/freebsd-arm64": "npm:0.24.0"
    "@esbuild/freebsd-x64": "npm:0.24.0"
    "@esbuild/linux-arm": "npm:0.24.0"
    "@esbuild/linux-arm64": "npm:0.24.0"
    "@esbuild/linux-ia32": "npm:0.24.0"
    "@esbuild/linux-loong64": "npm:0.24.0"
    "@esbuild/linux-mips64el": "npm:0.24.0"
    "@esbuild/linux-ppc64": "npm:0.24.0"
    "@esbuild/linux-riscv64": "npm:0.24.0"
    "@esbuild/linux-s390x": "npm:0.24.0"
    "@esbuild/linux-x64": "npm:0.24.0"
    "@esbuild/netbsd-x64": "npm:0.24.0"
    "@esbuild/openbsd-arm64": "npm:0.24.0"
    "@esbuild/openbsd-x64": "npm:0.24.0"
    "@esbuild/sunos-x64": "npm:0.24.0"
    "@esbuild/win32-arm64": "npm:0.24.0"
    "@esbuild/win32-ia32": "npm:0.24.0"
    "@esbuild/win32-x64": "npm:0.24.0"
  dependenciesMeta:
    "@esbuild/aix-ppc64":
      optional: true
    "@esbuild/android-arm":
      optional: true
    "@esbuild/android-arm64":
      optional: true
    "@esbuild/android-x64":
      optional: true
    "@esbuild/darwin-arm64":
      optional: true
    "@esbuild/darwin-x64":
      optional: true
    "@esbuild/freebsd-arm64":
      optional: true
    "@esbuild/freebsd-x64":
      optional: true
    "@esbuild/linux-arm":
      optional: true
    "@esbuild/linux-arm64":
      optional: true
    "@esbuild/linux-ia32":
      optional: true
    "@esbuild/linux-loong64":
      optional: true
    "@esbuild/linux-mips64el":
      optional: true
    "@esbuild/linux-ppc64":
      optional: true
    "@esbuild/linux-riscv64":
      optional: true
    "@esbuild/linux-s390x":
      optional: true
    "@esbuild/linux-x64":
      optional: true
    "@esbuild/netbsd-x64":
      optional: true
    "@esbuild/openbsd-arm64":
      optional: true
    "@esbuild/openbsd-x64":
      optional: true
    "@esbuild/sunos-x64":
      optional: true
    "@esbuild/win32-arm64":
      optional: true
    "@esbuild/win32-ia32":
      optional: true
    "@esbuild/win32-x64":
      optional: true
  bin:
    esbuild: bin/esbuild
  checksum: 10c0/9f1aadd8d64f3bff422ae78387e66e51a5e09de6935a6f987b6e4e189ed00fdc2d1bc03d2e33633b094008529c8b6e06c7ad1a9782fb09fec223bf95998c0683
  languageName: node
  linkType: hard

"prettier@npm:^3.3.3":
  version: 3.3.3
  resolution: "prettier@npm:3.3.3"
  bin:
    prettier: bin/prettier.cjs
  checksum: 10c0/b85828b08e7505716324e4245549b9205c0cacb25342a030ba8885aba2039a115dbcf75a0b7ca3b37bc9d101ee61fab8113fc69ca3359f2a226f1ecc07ad2e26
  languageName: node
  linkType: hard

"react-player-plugin-prompter@workspace:.":
  version: 0.0.0-use.local
  resolution: "react-player-plugin-prompter@workspace:."
  dependencies:
    prettier: "npm:^3.3.3"
    typescript: "npm:5.5.4"
  languageName: unknown
  linkType: soft

"typescript@npm:5.5.4":
  version: 5.5.4
  resolution: "typescript@npm:5.5.4"
  bin:
    tsc: bin/tsc
    tsserver: bin/tsserver
  checksum: 10c0/422be60f89e661eab29ac488c974b6cc0a660fb2228003b297c3d10c32c90f3bcffc1009b43876a082515a3c376b1eefcce823d6e78982e6878408b9a923199c
  languageName: node
  linkType: hard

"typescript@patch:typescript@npm%3A5.5.4#optional!builtin<compat/typescript>":
  version: 5.5.4
  resolution: "typescript@patch:typescript@npm%3A5.5.4#optional!builtin<compat/typescript>::version=5.5.4&hash=379a07"
  bin:
    tsc: bin/tsc
    tsserver: bin/tsserver
  checksum: 10c0/73409d7b9196a5a1217b3aaad929bf76294d3ce7d6e9766dd880ece296ee91cf7d7db6b16c6c6c630ee5096eccde726c0ef17c7dfa52b01a243e57ae1f09ef07
  languageName: node
  linkType: hard
